{
  "lockfileVersion": 1,
  "configVersion": 1,
  "workspaces": {
    "": {
      "dependencies": {
        "@open1s/ezbos": "^1.0.0",
      },
      "devDependencies": {
        "@types/node": "^25.8.0",
        "typescript": "^5.0.0",
      },
    },
  },
  "packages": {
    "@open1s/ezbos": ["@open1s/ezbos@1.0.0", "", { "dependencies": { "@open1s/jsbos": "^2.1.4" } }, "sha512-mZsaiJT1rwpVSpc7WnKKDSEXA6yk6DcnpJ/7P+tUD+ENSj+X0bi7Vtb2QRXuRHWhP41/jqGUXUhB9vrNxPGJEQ=="],

    "@open1s/jsbos": ["@open1s/jsbos@2.1.4", "", { "optionalDependencies": { "@open1s/jsbos-darwin-arm64": "2.1.4", "@open1s/jsbos-linux-arm64-gnu": "2.1.4", "@open1s/jsbos-linux-x64-gnu": "2.1.4", "@open1s/jsbos-win32-arm64-msvc": "2.1.4", "@open1s/jsbos-win32-x64-msvc": "2.1.4" } }, "sha512-G8FCJFJsELMWtBSyqiDyO1BqFMi45wxdS8RVKUc6+B+imjhht2ZBn7L2O46AErhlZOAKoU/yEeVOKu17Ni5RKQ=="],

    "@open1s/jsbos-darwin-arm64": ["@open1s/jsbos-darwin-arm64@2.1.4", "", { "os": "darwin", "cpu": "arm64" }, "sha512-b6N2J37Rdg2i4+pFQLhmPpXSiPu842eYqY8ZfV/hWdwTIiehg9qG/1kcMETK9icmHc4Md9xQzXtN1Ytb3Q0l6g=="],

    "@open1s/jsbos-linux-arm64-gnu": ["@open1s/jsbos-linux-arm64-gnu@2.1.4", "", { "os": "linux", "cpu": "arm64" }, "sha512-3BrurLQGxHBkfL51T3EFOqmnFIml7cNFm5f5xX1nBqBLJ+u2TyRMMemeGNlPVI4vl0CQDKy3SIQaEsL1pRzvwQ=="],

    "@open1s/jsbos-linux-x64-gnu": ["@open1s/jsbos-linux-x64-gnu@2.1.4", "", { "os": "linux", "cpu": "x64" }, "sha512-XfLzVZG4fHyyIbX1sV5uADHRIsXLtzNiEKMuJG1oz6ZWA3k4WOZKWhrFw/M3D4ZuyrovQdA4FdfmPI5za9Epcw=="],

    "@open1s/jsbos-win32-arm64-msvc": ["@open1s/jsbos-win32-arm64-msvc@2.1.4", "", { "os": "win32", "cpu": "arm64" }, "sha512-pelaitUjyLYCtaXkSFvD5N0v6GX7fOs+B8vZ60/WwraTcksrD4ZU9twEwdgRiep/qY1lydIQIv/72ReX5dCDSA=="],

    "@open1s/jsbos-win32-x64-msvc": ["@open1s/jsbos-win32-x64-msvc@2.1.4", "", { "os": "win32", "cpu": "x64" }, "sha512-tCOtC0pjF9IWwF3WcmBIIdufQTA4pZlnB9OStDBT4jOR++ukTffXLg3i52H77rz5HayJSJBE2Onrmxy2ZXBj6Q=="],

    "@types/node": ["@types/node@25.8.0", "", { "dependencies": { "undici-types": ">=7.24.0 <7.24.7" } }, "sha512-TCFSk8IZh+iLX1xtksoBVtdmgL+1IX0fC9BeU4QqFSuNdN/K+HUlhqOzEmSYYpZUVsLYcPqc9KX+60iDuninSQ=="],

    "typescript": ["typescript@5.9.3", "", { "bin": { "tsc": "bin/tsc", "tsserver": "bin/tsserver" } }, "sha512-jl1vZzPDinLr9eUt3J/t7V6FgNEw9QjvBPdysz9KfQDD41fQrC2Y4vKQdiaUpFT4bXlb1RHhLpp8wtm6M5TgSw=="],

    "undici-types": ["undici-types@7.24.6", "", {}, "sha512-WRNW+sJgj5OBN4/0JpHFqtqzhpbnV0GuB+OozA9gCL7a993SmU+1JBZCzLNxYsbMfIeDL+lTsphD5jN5N+n0zg=="],
  }
}
